
Microsoft Visual Studio Solution File, Format Version 12.00
# Visual Studio Version 17
VisualStudioVersion = 17.8.34408.163
MinimumVisualStudioVersion = 10.0.40219.1
Project("{FAE04EC0-301F-11D3-BF4B-00C04F79EFBC}") = "RPS", "RPS\RPS.csproj", "{BD148038-E08B-4572-9FF0-33CA095B1AEE}"
EndProject
Global
	GlobalSection(SolutionConfigurationPlatforms) = preSolution
		Debug|Any CPU = Debug|Any CPU
		Release|Any CPU = Release|Any CPU
	EndGlobalSection
	GlobalSection(ProjectConfigurationPlatforms) = postSolution
		{BD148038-E08B-4572-9FF0-33CA095B1AEE}.Debug|Any CPU.ActiveCfg = Debug|Any CPU
		{BD148038-E08B-4572-9FF0-33CA095B1AEE}.Debug|Any CPU.Build.0 = Debug|Any CPU
		{BD148038-E08B-4572-9FF0-33CA095B1AEE}.Release|Any CPU.ActiveCfg = Release|Any CPU
		{BD148038-E08B-4572-9FF0-33CA095B1AEE}.Release|Any CPU.Build.0 = Release|Any CPU
	EndGlobalSection
	GlobalSection(SolutionProperties) = preSolution
		HideSolutionNode = FALSE
	EndGlobalSection
	GlobalSection(ExtensibilityGlobals) = postSolution
		SolutionGuid = {6DA2C533-910D-403D-8B48-EBDBBAB044AB}
	EndGlobalSection
EndGlobal
